
Microsoft Visual Studio Solution File, Format Version 12.00
# Visual Studio Version 17
VisualStudioVersion = 17.5.33502.453
MinimumVisualStudioVersion = 10.0.40219.1
Project("{9A19103F-16F7-4668-BE54-9A1E7A4F7556}") = "Domain", "Domain\Domain.csproj", "{C4445A15-3E02-4551-9CC3-02D75E0B133B}"
EndProject
Project("{2150E333-8FDC-42A3-9474-1A3956D46DE8}") = "RentACarApp", "RentACarApp", "{A3EBFE3A-E693-4A66-A681-18BAB209F83D}"
EndProject
Project("{2150E333-8FDC-42A3-9474-1A3956D46DE8}") = "CorePackages", "CorePackages", "{2A0B95E2-CCCF-405A-BC17-7383C8D2EB6C}"
EndProject
Project("{9A19103F-16F7-4668-BE54-9A1E7A4F7556}") = "Application", "Application\Application.csproj", "{F8A653FD-548F-4F5A-B209-79FC4A43757C}"
EndProject
Project("{9A19103F-16F7-4668-BE54-9A1E7A4F7556}") = "Persistence", "Persistence\Persistence.csproj", "{0C9AB857-60E2-481F-9EC9-663FEECF8351}"
EndProject
Project("{9A19103F-16F7-4668-BE54-9A1E7A4F7556}") = "InfraStructure", "InfraStructure\InfraStructure.csproj", "{39442D0F-634D-4AF7-BB67-3D8FD430EBD6}"
EndProject
Project("{9A19103F-16F7-4668-BE54-9A1E7A4F7556}") = "WebAPI", "WebAPI\WebAPI.csproj", "{082B51E9-71FC-4BD6-9000-7AF6D61125F7}"
EndProject
Project("{9A19103F-16F7-4668-BE54-9A1E7A4F7556}") = "Core.Persistence", "..\..\corePackages\Core.Persistence\Core.Persistence.csproj", "{02217565-FB18-4308-9F0E-540E0181901D}"
EndProject
Project("{9A19103F-16F7-4668-BE54-9A1E7A4F7556}") = "Core.Application", "..\..\corePackages\Core.Application\Core.Application.csproj", "{415F684C-2B82-4B1D-8993-7CB6E8D7CA65}"
EndProject
Project("{9A19103F-16F7-4668-BE54-9A1E7A4F7556}") = "Core.CrossCuttingConcerns", "..\..\corePackages\Core.CrossCuttingConcerns\Core.CrossCuttingConcerns.csproj", "{8F163F54-6BD2-4D74-B310-CCA6DEE2C344}"
EndProject
Project("{9A19103F-16F7-4668-BE54-9A1E7A4F7556}") = "Core.Security", "..\..\corePackages\Core.Security\Core.Security.csproj", "{E5D4AD8D-4DD5-4E25-A0D6-C7182ADA9A15}"
EndProject
Project("{FAE04EC0-301F-11D3-BF4B-00C04F79EFBC}") = "Core.Test", "..\..\corePackages\Core.Tests\Core.Test.csproj", "{05655C42-311C-4AED-8860-F6B930EAADB4}"
EndProject
Project("{2150E333-8FDC-42A3-9474-1A3956D46DE8}") = "Tests", "Tests", "{C19520FC-9322-4F9A-A5CE-26FCF2D84130}"
EndProject
Project("{FAE04EC0-301F-11D3-BF4B-00C04F79EFBC}") = "Application.Tests", "..\..\..\tests\Application.Tests\Application.Tests.csproj", "{81FCFCD4-9DC0-4BF8-93B7-EE2720DCD578}"
EndProject
Global
	GlobalSection(SolutionConfigurationPlatforms) = preSolution
		Debug|Any CPU = Debug|Any CPU
		Release|Any CPU = Release|Any CPU
	EndGlobalSection
	GlobalSection(ProjectConfigurationPlatforms) = postSolution
		{C4445A15-3E02-4551-9CC3-02D75E0B133B}.Debug|Any CPU.ActiveCfg = Debug|Any CPU
		{C4445A15-3E02-4551-9CC3-02D75E0B133B}.Debug|Any CPU.Build.0 = Debug|Any CPU
		{C4445A15-3E02-4551-9CC3-02D75E0B133B}.Release|Any CPU.ActiveCfg = Release|Any CPU
		{C4445A15-3E02-4551-9CC3-02D75E0B133B}.Release|Any CPU.Build.0 = Release|Any CPU
		{F8A653FD-548F-4F5A-B209-79FC4A43757C}.Debug|Any CPU.ActiveCfg = Debug|Any CPU
		{F8A653FD-548F-4F5A-B209-79FC4A43757C}.Debug|Any CPU.Build.0 = Debug|Any CPU
		{F8A653FD-548F-4F5A-B209-79FC4A43757C}.Release|Any CPU.ActiveCfg = Release|Any CPU
		{F8A653FD-548F-4F5A-B209-79FC4A43757C}.Release|Any CPU.Build.0 = Release|Any CPU
		{0C9AB857-60E2-481F-9EC9-663FEECF8351}.Debug|Any CPU.ActiveCfg = Debug|Any CPU
		{0C9AB857-60E2-481F-9EC9-663FEECF8351}.Debug|Any CPU.Build.0 = Debug|Any CPU
		{0C9AB857-60E2-481F-9EC9-663FEECF8351}.Release|Any CPU.ActiveCfg = Release|Any CPU
		{0C9AB857-60E2-481F-9EC9-663FEECF8351}.Release|Any CPU.Build.0 = Release|Any CPU
		{39442D0F-634D-4AF7-BB67-3D8FD430EBD6}.Debug|Any CPU.ActiveCfg = Debug|Any CPU
		{39442D0F-634D-4AF7-BB67-3D8FD430EBD6}.Debug|Any CPU.Build.0 = Debug|Any CPU
		{39442D0F-634D-4AF7-BB67-3D8FD430EBD6}.Release|Any CPU.ActiveCfg = Release|Any CPU
		{39442D0F-634D-4AF7-BB67-3D8FD430EBD6}.Release|Any CPU.Build.0 = Release|Any CPU
		{082B51E9-71FC-4BD6-9000-7AF6D61125F7}.Debug|Any CPU.ActiveCfg = Debug|Any CPU
		{082B51E9-71FC-4BD6-9000-7AF6D61125F7}.Debug|Any CPU.Build.0 = Debug|Any CPU
		{082B51E9-71FC-4BD6-9000-7AF6D61125F7}.Release|Any CPU.ActiveCfg = Release|Any CPU
		{082B51E9-71FC-4BD6-9000-7AF6D61125F7}.Release|Any CPU.Build.0 = Release|Any CPU
		{02217565-FB18-4308-9F0E-540E0181901D}.Debug|Any CPU.ActiveCfg = Debug|Any CPU
		{02217565-FB18-4308-9F0E-540E0181901D}.Debug|Any CPU.Build.0 = Debug|Any CPU
		{02217565-FB18-4308-9F0E-540E0181901D}.Release|Any CPU.ActiveCfg = Release|Any CPU
		{02217565-FB18-4308-9F0E-540E0181901D}.Release|Any CPU.Build.0 = Release|Any CPU
		{415F684C-2B82-4B1D-8993-7CB6E8D7CA65}.Debug|Any CPU.ActiveCfg = Debug|Any CPU
		{415F684C-2B82-4B1D-8993-7CB6E8D7CA65}.Debug|Any CPU.Build.0 = Debug|Any CPU
		{415F684C-2B82-4B1D-8993-7CB6E8D7CA65}.Release|Any CPU.ActiveCfg = Release|Any CPU
		{415F684C-2B82-4B1D-8993-7CB6E8D7CA65}.Release|Any CPU.Build.0 = Release|Any CPU
		{8F163F54-6BD2-4D74-B310-CCA6DEE2C344}.Debug|Any CPU.ActiveCfg = Debug|Any CPU
		{8F163F54-6BD2-4D74-B310-CCA6DEE2C344}.Debug|Any CPU.Build.0 = Debug|Any CPU
		{8F163F54-6BD2-4D74-B310-CCA6DEE2C344}.Release|Any CPU.ActiveCfg = Release|Any CPU
		{8F163F54-6BD2-4D74-B310-CCA6DEE2C344}.Release|Any CPU.Build.0 = Release|Any CPU
		{E5D4AD8D-4DD5-4E25-A0D6-C7182ADA9A15}.Debug|Any CPU.ActiveCfg = Debug|Any CPU
		{E5D4AD8D-4DD5-4E25-A0D6-C7182ADA9A15}.Debug|Any CPU.Build.0 = Debug|Any CPU
		{E5D4AD8D-4DD5-4E25-A0D6-C7182ADA9A15}.Release|Any CPU.ActiveCfg = Release|Any CPU
		{E5D4AD8D-4DD5-4E25-A0D6-C7182ADA9A15}.Release|Any CPU.Build.0 = Release|Any CPU
		{05655C42-311C-4AED-8860-F6B930EAADB4}.Debug|Any CPU.ActiveCfg = Debug|Any CPU
		{05655C42-311C-4AED-8860-F6B930EAADB4}.Debug|Any CPU.Build.0 = Debug|Any CPU
		{05655C42-311C-4AED-8860-F6B930EAADB4}.Release|Any CPU.ActiveCfg = Release|Any CPU
		{05655C42-311C-4AED-8860-F6B930EAADB4}.Release|Any CPU.Build.0 = Release|Any CPU
		{81FCFCD4-9DC0-4BF8-93B7-EE2720DCD578}.Debug|Any CPU.ActiveCfg = Debug|Any CPU
		{81FCFCD4-9DC0-4BF8-93B7-EE2720DCD578}.Debug|Any CPU.Build.0 = Debug|Any CPU
		{81FCFCD4-9DC0-4BF8-93B7-EE2720DCD578}.Release|Any CPU.ActiveCfg = Release|Any CPU
		{81FCFCD4-9DC0-4BF8-93B7-EE2720DCD578}.Release|Any CPU.Build.0 = Release|Any CPU
	EndGlobalSection
	GlobalSection(SolutionProperties) = preSolution
		HideSolutionNode = FALSE
	EndGlobalSection
	GlobalSection(NestedProjects) = preSolution
		{C4445A15-3E02-4551-9CC3-02D75E0B133B} = {A3EBFE3A-E693-4A66-A681-18BAB209F83D}
		{F8A653FD-548F-4F5A-B209-79FC4A43757C} = {A3EBFE3A-E693-4A66-A681-18BAB209F83D}
		{0C9AB857-60E2-481F-9EC9-663FEECF8351} = {A3EBFE3A-E693-4A66-A681-18BAB209F83D}
		{39442D0F-634D-4AF7-BB67-3D8FD430EBD6} = {A3EBFE3A-E693-4A66-A681-18BAB209F83D}
		{082B51E9-71FC-4BD6-9000-7AF6D61125F7} = {A3EBFE3A-E693-4A66-A681-18BAB209F83D}
		{02217565-FB18-4308-9F0E-540E0181901D} = {2A0B95E2-CCCF-405A-BC17-7383C8D2EB6C}
		{415F684C-2B82-4B1D-8993-7CB6E8D7CA65} = {2A0B95E2-CCCF-405A-BC17-7383C8D2EB6C}
		{8F163F54-6BD2-4D74-B310-CCA6DEE2C344} = {2A0B95E2-CCCF-405A-BC17-7383C8D2EB6C}
		{E5D4AD8D-4DD5-4E25-A0D6-C7182ADA9A15} = {2A0B95E2-CCCF-405A-BC17-7383C8D2EB6C}
		{05655C42-311C-4AED-8860-F6B930EAADB4} = {2A0B95E2-CCCF-405A-BC17-7383C8D2EB6C}
		{81FCFCD4-9DC0-4BF8-93B7-EE2720DCD578} = {C19520FC-9322-4F9A-A5CE-26FCF2D84130}
	EndGlobalSection
	GlobalSection(ExtensibilityGlobals) = postSolution
		SolutionGuid = {F809ACCC-2FF5-4D3C-B650-F0B697AF84B8}
	EndGlobalSection
EndGlobal
